
Microsoft Visual Studio Solution File, Format Version 12.00
# Visual Studio Version 17
VisualStudioVersion = 17.13.35825.156 d17.13
MinimumVisualStudioVersion = 10.0.40219.1
Project("{FAE04EC0-301F-11D3-BF4B-00C04F79EFBC}") = "StackFood.Lambda", "src\StackFood.Lambda\StackFood.Lambda.csproj", "{1F479464-CD0B-4DDF-B80D-EB8631306295}"
EndProject
Global
	GlobalSection(SolutionConfigurationPlatforms) = preSolution
		Debug|Any CPU = Debug|Any CPU
		Release|Any CPU = Release|Any CPU
	EndGlobalSection
	GlobalSection(ProjectConfigurationPlatforms) = postSolution
		{1F479464-CD0B-4DDF-B80D-EB8631306295}.Debug|Any CPU.ActiveCfg = Debug|Any CPU
		{1F479464-CD0B-4DDF-B80D-EB8631306295}.Debug|Any CPU.Build.0 = Debug|Any CPU
		{1F479464-CD0B-4DDF-B80D-EB8631306295}.Release|Any CPU.ActiveCfg = Release|Any CPU
		{1F479464-CD0B-4DDF-B80D-EB8631306295}.Release|Any CPU.Build.0 = Release|Any CPU
	EndGlobalSection
	GlobalSection(SolutionProperties) = preSolution
		HideSolutionNode = FALSE
	EndGlobalSection
	GlobalSection(ExtensibilityGlobals) = postSolution
		SolutionGuid = {918E61BF-447A-4D29-B6EF-A154F2C5BDBA}
	EndGlobalSection
EndGlobal
